
Microsoft Visual Studio Solution File, Format Version 12.00
# Visual Studio Version 16
VisualStudioVersion = 16.0.31515.178
MinimumVisualStudioVersion = 10.0.40219.1
Project("{FAE04EC0-301F-11D3-BF4B-00C04F79EFBC}") = "Crud01", "Crud01\Crud01.csproj", "{07436581-FDB9-486D-A29B-0CCDEC937D7F}"
EndProject
Global
	GlobalSection(SolutionConfigurationPlatforms) = preSolution
		Debug|Any CPU = Debug|Any CPU
		Release|Any CPU = Release|Any CPU
	EndGlobalSection
	GlobalSection(ProjectConfigurationPlatforms) = postSolution
		{07436581-FDB9-486D-A29B-0CCDEC937D7F}.Debug|Any CPU.ActiveCfg = Debug|Any CPU
		{07436581-FDB9-486D-A29B-0CCDEC937D7F}.Debug|Any CPU.Build.0 = Debug|Any CPU
		{07436581-FDB9-486D-A29B-0CCDEC937D7F}.Release|Any CPU.ActiveCfg = Release|Any CPU
		{07436581-FDB9-486D-A29B-0CCDEC937D7F}.Release|Any CPU.Build.0 = Release|Any CPU
	EndGlobalSection
	GlobalSection(SolutionProperties) = preSolution
		HideSolutionNode = FALSE
	EndGlobalSection
	GlobalSection(ExtensibilityGlobals) = postSolution
		SolutionGuid = {8D6F8796-71FD-4DAA-845D-71F846599A98}
	EndGlobalSection
EndGlobal
